# This file is automatically @generated by Cargo.
# It is not intended for manual editing.
[[package]]
name = "app"
version = "1.0.0"
dependencies = [
 "sgx_types 1.1.0 (git+https://github.com/apache/teaclave-sgx-sdk?rev=v1.1.0)",
 "sgx_urts 1.1.0 (git+https://github.com/apache/teaclave-sgx-sdk?rev=v1.1.0)",
]

[[package]]
name = "libc"
version = "0.2.62"
source = "registry+https://github.com/rust-lang/crates.io-index"

[[package]]
name = "sgx_types"
version = "1.1.0"
source = "git+https://github.com/apache/teaclave-sgx-sdk?rev=v1.1.0#71a88b647bb76a16cbc5c3e29403e2afb67f82fd"

[[package]]
name = "sgx_urts"
version = "1.1.0"
source = "git+https://github.com/apache/teaclave-sgx-sdk?rev=v1.1.0#71a88b647bb76a16cbc5c3e29403e2afb67f82fd"
dependencies = [
 "libc 0.2.62 (registry+https://github.com/rust-lang/crates.io-index)",
 "sgx_types 1.1.0 (git+https://github.com/apache/teaclave-sgx-sdk?rev=v1.1.0)",
]

[metadata]
"checksum libc 0.2.62 (registry+https://github.com/rust-lang/crates.io-index)" = "34fcd2c08d2f832f376f4173a231990fa5aef4e99fb569867318a227ef4c06ba"
"checksum sgx_types 1.1.0 (git+https://github.com/apache/teaclave-sgx-sdk?rev=v1.1.0)" = "<none>"
"checksum sgx_urts 1.1.0 (git+https://github.com/apache/teaclave-sgx-sdk?rev=v1.1.0)" = "<none>"
